
Microsoft Visual Studio Solution File, Format Version 12.00
# Visual Studio Version 16
VisualStudioVersion = 16.0.30011.22
MinimumVisualStudioVersion = 10.0.40219.1
Project("{9A19103F-16F7-4668-BE54-9A1E7A4F7556}") = "Shanlv.DotNetCore", "Shanlv.DotNetCore\Shanlv.DotNetCore.csproj", "{5D1C9B83-BF7F-494E-AAEC-7618B1B42E21}"
EndProject
Project("{9A19103F-16F7-4668-BE54-9A1E7A4F7556}") = "Shanlv.EfDbModels", "Shanlv.EfDbModels\Shanlv.EfDbModels.csproj", "{3251F5D7-69C7-47CA-A0F7-73B6A87B9642}"
EndProject
Project("{9A19103F-16F7-4668-BE54-9A1E7A4F7556}") = "Shanlv.DomainModel", "Shanlv.DomainModel\Shanlv.DomainModel.csproj", "{F7D62856-0039-4D6E-9C22-CA6D582A4C17}"
EndProject
Project("{FAE04EC0-301F-11D3-BF4B-00C04F79EFBC}") = "Shanlv.Bll", "Shanlv.Bll\Shanlv.Bll.csproj", "{6D5CCD87-F4D0-42EE-865C-D41E377B6496}"
EndProject
Project("{FAE04EC0-301F-11D3-BF4B-00C04F79EFBC}") = "Shanlv.IBll", "Shanlv.IBll\Shanlv.IBll.csproj", "{2F6661F4-3494-4312-94E4-C0FBDD3AAB4A}"
EndProject
Project("{FAE04EC0-301F-11D3-BF4B-00C04F79EFBC}") = "Shanlv.DotNetCore.Tests", "UserController.Tests\Shanlv.DotNetCore.Tests.csproj", "{6E4530B8-855F-47C9-A05C-33E6F30FA67B}"
EndProject
Global
	GlobalSection(SolutionConfigurationPlatforms) = preSolution
		Debug|Any CPU = Debug|Any CPU
		Release|Any CPU = Release|Any CPU
	EndGlobalSection
	GlobalSection(ProjectConfigurationPlatforms) = postSolution
		{5D1C9B83-BF7F-494E-AAEC-7618B1B42E21}.Debug|Any CPU.ActiveCfg = Debug|Any CPU
		{5D1C9B83-BF7F-494E-AAEC-7618B1B42E21}.Debug|Any CPU.Build.0 = Debug|Any CPU
		{5D1C9B83-BF7F-494E-AAEC-7618B1B42E21}.Release|Any CPU.ActiveCfg = Release|Any CPU
		{5D1C9B83-BF7F-494E-AAEC-7618B1B42E21}.Release|Any CPU.Build.0 = Release|Any CPU
		{3251F5D7-69C7-47CA-A0F7-73B6A87B9642}.Debug|Any CPU.ActiveCfg = Debug|Any CPU
		{3251F5D7-69C7-47CA-A0F7-73B6A87B9642}.Debug|Any CPU.Build.0 = Debug|Any CPU
		{3251F5D7-69C7-47CA-A0F7-73B6A87B9642}.Release|Any CPU.ActiveCfg = Release|Any CPU
		{3251F5D7-69C7-47CA-A0F7-73B6A87B9642}.Release|Any CPU.Build.0 = Release|Any CPU
		{F7D62856-0039-4D6E-9C22-CA6D582A4C17}.Debug|Any CPU.ActiveCfg = Debug|Any CPU
		{F7D62856-0039-4D6E-9C22-CA6D582A4C17}.Debug|Any CPU.Build.0 = Debug|Any CPU
		{F7D62856-0039-4D6E-9C22-CA6D582A4C17}.Release|Any CPU.ActiveCfg = Release|Any CPU
		{F7D62856-0039-4D6E-9C22-CA6D582A4C17}.Release|Any CPU.Build.0 = Release|Any CPU
		{6D5CCD87-F4D0-42EE-865C-D41E377B6496}.Debug|Any CPU.ActiveCfg = Debug|Any CPU
		{6D5CCD87-F4D0-42EE-865C-D41E377B6496}.Debug|Any CPU.Build.0 = Debug|Any CPU
		{6D5CCD87-F4D0-42EE-865C-D41E377B6496}.Release|Any CPU.ActiveCfg = Release|Any CPU
		{6D5CCD87-F4D0-42EE-865C-D41E377B6496}.Release|Any CPU.Build.0 = Release|Any CPU
		{2F6661F4-3494-4312-94E4-C0FBDD3AAB4A}.Debug|Any CPU.ActiveCfg = Debug|Any CPU
		{2F6661F4-3494-4312-94E4-C0FBDD3AAB4A}.Debug|Any CPU.Build.0 = Debug|Any CPU
		{2F6661F4-3494-4312-94E4-C0FBDD3AAB4A}.Release|Any CPU.ActiveCfg = Release|Any CPU
		{2F6661F4-3494-4312-94E4-C0FBDD3AAB4A}.Release|Any CPU.Build.0 = Release|Any CPU
		{6E4530B8-855F-47C9-A05C-33E6F30FA67B}.Debug|Any CPU.ActiveCfg = Debug|Any CPU
		{6E4530B8-855F-47C9-A05C-33E6F30FA67B}.Debug|Any CPU.Build.0 = Debug|Any CPU
		{6E4530B8-855F-47C9-A05C-33E6F30FA67B}.Release|Any CPU.ActiveCfg = Release|Any CPU
		{6E4530B8-855F-47C9-A05C-33E6F30FA67B}.Release|Any CPU.Build.0 = Release|Any CPU
	EndGlobalSection
	GlobalSection(SolutionProperties) = preSolution
		HideSolutionNode = FALSE
	EndGlobalSection
	GlobalSection(ExtensibilityGlobals) = postSolution
		SolutionGuid = {737EE8BB-A06C-4027-8B75-C7E3C45D8E4E}
	EndGlobalSection
EndGlobal
